// !$*UTF8*$!
{
	archiveVersion = 1;
	classes = {
	};
	objectVersion = 50;
	objects = {

/* Begin PBXBuildFile section */
		B63A408C22A4B2A70033EF09 /* RMStorage.swift in Sources */ = {isa = PBXBuildFile; fileRef = B63A408122A4B2A60033EF09 /* RMStorage.swift */; };
		B63A408D22A4B2A70033EF09 /* RMViewAnimator.swift in Sources */ = {isa = PBXBuildFile; fileRef = B63A408222A4B2A60033EF09 /* RMViewAnimator.swift */; };
		B63A408E22A4B2A70033EF09 /* RMBindCenter.swift in Sources */ = {isa = PBXBuildFile; fileRef = B63A408322A4B2A60033EF09 /* RMBindCenter.swift */; };
		B63A408F22A4B2A70033EF09 /* Ex+UIImage.swift in Sources */ = {isa = PBXBuildFile; fileRef = B63A408522A4B2A60033EF09 /* Ex+UIImage.swift */; };
		B63A409022A4B2A70033EF09 /* Ex+Swift.swift in Sources */ = {isa = PBXBuildFile; fileRef = B63A408622A4B2A60033EF09 /* Ex+Swift.swift */; };
		B63A409122A4B2A70033EF09 /* Ex+Foundation.swift in Sources */ = {isa = PBXBuildFile; fileRef = B63A408722A4B2A60033EF09 /* Ex+Foundation.swift */; };
		B63A409222A4B2A70033EF09 /* EX+SpriteKit.swift in Sources */ = {isa = PBXBuildFile; fileRef = B63A408822A4B2A60033EF09 /* EX+SpriteKit.swift */; };
		B63A409322A4B2A70033EF09 /* Ex+UIKit.swift in Sources */ = {isa = PBXBuildFile; fileRef = B63A408922A4B2A60033EF09 /* Ex+UIKit.swift */; };
		B63A409422A4B2A70033EF09 /* Ex+UIColor.swift in Sources */ = {isa = PBXBuildFile; fileRef = B63A408A22A4B2A60033EF09 /* Ex+UIColor.swift */; };
		B63A409522A4B2A70033EF09 /* Ex+CoreGraphics.swift in Sources */ = {isa = PBXBuildFile; fileRef = B63A408B22A4B2A60033EF09 /* Ex+CoreGraphics.swift */; };
		B6426F3522A4A64700B7B452 /* TSAnimator.swift in Sources */ = {isa = PBXBuildFile; fileRef = B6426F3422A4A64700B7B452 /* TSAnimator.swift */; };
		B6426F3922A4ABA900B7B452 /* TP_normal_floar.scn in Resources */ = {isa = PBXBuildFile; fileRef = B6426F3822A4ABA900B7B452 /* TP_normal_floar.scn */; };
		B6445F0D229D1980002ECD90 /* AppDelegate.swift in Sources */ = {isa = PBXBuildFile; fileRef = B6445F0C229D1980002ECD90 /* AppDelegate.swift */; };
		B6445F0F229D1980002ECD90 /* ViewController.swift in Sources */ = {isa = PBXBuildFile; fileRef = B6445F0E229D1980002ECD90 /* ViewController.swift */; };
		B6445F12229D1980002ECD90 /* Main.storyboard in Resources */ = {isa = PBXBuildFile; fileRef = B6445F10229D1980002ECD90 /* Main.storyboard */; };
		B6445F14229D1981002ECD90 /* Assets.xcassets in Resources */ = {isa = PBXBuildFile; fileRef = B6445F13229D1981002ECD90 /* Assets.xcassets */; };
		B6445F17229D1981002ECD90 /* LaunchScreen.storyboard in Resources */ = {isa = PBXBuildFile; fileRef = B6445F15229D1981002ECD90 /* LaunchScreen.storyboard */; };
		B6445F21229D1A24002ECD90 /* Ex+SceneKit.swift in Sources */ = {isa = PBXBuildFile; fileRef = B6445F1E229D1A24002ECD90 /* Ex+SceneKit.swift */; };
		B6445F22229D1A24002ECD90 /* ESViewController.swift in Sources */ = {isa = PBXBuildFile; fileRef = B6445F1F229D1A24002ECD90 /* ESViewController.swift */; };
		B6445F23229D1A24002ECD90 /* ESSceneController.swift in Sources */ = {isa = PBXBuildFile; fileRef = B6445F20229D1A24002ECD90 /* ESSceneController.swift */; };
		B6445F25229D1A7E002ECD90 /* TP_japanese_house_1.scn in Resources */ = {isa = PBXBuildFile; fileRef = B6445F24229D1A7E002ECD90 /* TP_japanese_house_1.scn */; };
		B6445F31229D3CCD002ECD90 /* Shaders.metal in Sources */ = {isa = PBXBuildFile; fileRef = B6445F30229D3CCD002ECD90 /* Shaders.metal */; };
		B647852822A3BC0C005D37AF /* TSBlock.swift in Sources */ = {isa = PBXBuildFile; fileRef = B647852722A3BC0C005D37AF /* TSBlock.swift */; };
		B647852A22A3F114005D37AF /* Ex+TSBlock.swift in Sources */ = {isa = PBXBuildFile; fileRef = B647852922A3F114005D37AF /* Ex+TSBlock.swift */; };
		B647852C22A3F3A6005D37AF /* TSVector3.swift in Sources */ = {isa = PBXBuildFile; fileRef = B647852B22A3F3A6005D37AF /* TSVector3.swift */; };
		B647852E22A3F7C6005D37AF /* TSLevel.swift in Sources */ = {isa = PBXBuildFile; fileRef = B647852D22A3F7C6005D37AF /* TSLevel.swift */; };
		B6CD94B922A11B1B00664F30 /* MySceneController.swift in Sources */ = {isa = PBXBuildFile; fileRef = B6CD94B822A11B1B00664F30 /* MySceneController.swift */; };
		B6F0F37B22A4D59100384715 /* Ex+TSVector3.swift in Sources */ = {isa = PBXBuildFile; fileRef = B6F0F37A22A4D59100384715 /* Ex+TSVector3.swift */; };
/* End PBXBuildFile section */

/* Begin PBXFileReference section */
		B63A408122A4B2A60033EF09 /* RMStorage.swift */ = {isa = PBXFileReference; fileEncoding = 4; lastKnownFileType = sourcecode.swift; path = RMStorage.swift; sourceTree = "<group>"; };
		B63A408222A4B2A60033EF09 /* RMViewAnimator.swift */ = {isa = PBXFileReference; fileEncoding = 4; lastKnownFileType = sourcecode.swift; path = RMViewAnimator.swift; sourceTree = "<group>"; };
		B63A408322A4B2A60033EF09 /* RMBindCenter.swift */ = {isa = PBXFileReference; fileEncoding = 4; lastKnownFileType = sourcecode.swift; path = RMBindCenter.swift; sourceTree = "<group>"; };
		B63A408522A4B2A60033EF09 /* Ex+UIImage.swift */ = {isa = PBXFileReference; fileEncoding = 4; lastKnownFileType = sourcecode.swift; path = "Ex+UIImage.swift"; sourceTree = "<group>"; };
		B63A408622A4B2A60033EF09 /* Ex+Swift.swift */ = {isa = PBXFileReference; fileEncoding = 4; lastKnownFileType = sourcecode.swift; path = "Ex+Swift.swift"; sourceTree = "<group>"; };
		B63A408722A4B2A60033EF09 /* Ex+Foundation.swift */ = {isa = PBXFileReference; fileEncoding = 4; lastKnownFileType = sourcecode.swift; path = "Ex+Foundation.swift"; sourceTree = "<group>"; };
		B63A408822A4B2A60033EF09 /* EX+SpriteKit.swift */ = {isa = PBXFileReference; fileEncoding = 4; lastKnownFileType = sourcecode.swift; path = "EX+SpriteKit.swift"; sourceTree = "<group>"; };
		B63A408922A4B2A60033EF09 /* Ex+UIKit.swift */ = {isa = PBXFileReference; fileEncoding = 4; lastKnownFileType = sourcecode.swift; path = "Ex+UIKit.swift"; sourceTree = "<group>"; };
		B63A408A22A4B2A60033EF09 /* Ex+UIColor.swift */ = {isa = PBXFileReference; fileEncoding = 4; lastKnownFileType = sourcecode.swift; path = "Ex+UIColor.swift"; sourceTree = "<group>"; };
		B63A408B22A4B2A60033EF09 /* Ex+CoreGraphics.swift */ = {isa = PBXFileReference; fileEncoding = 4; lastKnownFileType = sourcecode.swift; path = "Ex+CoreGraphics.swift"; sourceTree = "<group>"; };
		B6426F3422A4A64700B7B452 /* TSAnimator.swift */ = {isa = PBXFileReference; lastKnownFileType = sourcecode.swift; path = TSAnimator.swift; sourceTree = "<group>"; };
		B6426F3822A4ABA900B7B452 /* TP_normal_floar.scn */ = {isa = PBXFileReference; lastKnownFileType = file.bplist; path = TP_normal_floar.scn; sourceTree = "<group>"; };
		B6445F09229D1980002ECD90 /* SandboxSample.app */ = {isa = PBXFileReference; explicitFileType = wrapper.application; includeInIndex = 0; path = SandboxSample.app; sourceTree = BUILT_PRODUCTS_DIR; };
		B6445F0C229D1980002ECD90 /* AppDelegate.swift */ = {isa = PBXFileReference; lastKnownFileType = sourcecode.swift; path = AppDelegate.swift; sourceTree = "<group>"; };
		B6445F0E229D1980002ECD90 /* ViewController.swift */ = {isa = PBXFileReference; lastKnownFileType = sourcecode.swift; path = ViewController.swift; sourceTree = "<group>"; };
		B6445F11229D1980002ECD90 /* Base */ = {isa = PBXFileReference; lastKnownFileType = file.storyboard; name = Base; path = Base.lproj/Main.storyboard; sourceTree = "<group>"; };
		B6445F13229D1981002ECD90 /* Assets.xcassets */ = {isa = PBXFileReference; lastKnownFileType = folder.assetcatalog; path = Assets.xcassets; sourceTree = "<group>"; };
		B6445F16229D1981002ECD90 /* Base */ = {isa = PBXFileReference; lastKnownFileType = file.storyboard; name = Base; path = Base.lproj/LaunchScreen.storyboard; sourceTree = "<group>"; };
		B6445F18229D1981002ECD90 /* Info.plist */ = {isa = PBXFileReference; lastKnownFileType = text.plist.xml; path = Info.plist; sourceTree = "<group>"; };
		B6445F1E229D1A24002ECD90 /* Ex+SceneKit.swift */ = {isa = PBXFileReference; fileEncoding = 4; lastKnownFileType = sourcecode.swift; path = "Ex+SceneKit.swift"; sourceTree = "<group>"; };
		B6445F1F229D1A24002ECD90 /* ESViewController.swift */ = {isa = PBXFileReference; fileEncoding = 4; lastKnownFileType = sourcecode.swift; path = ESViewController.swift; sourceTree = "<group>"; };
		B6445F20229D1A24002ECD90 /* ESSceneController.swift */ = {isa = PBXFileReference; fileEncoding = 4; lastKnownFileType = sourcecode.swift; path = ESSceneController.swift; sourceTree = "<group>"; };
		B6445F24229D1A7E002ECD90 /* TP_japanese_house_1.scn */ = {isa = PBXFileReference; lastKnownFileType = file.bplist; path = TP_japanese_house_1.scn; sourceTree = "<group>"; };
		B6445F30229D3CCD002ECD90 /* Shaders.metal */ = {isa = PBXFileReference; lastKnownFileType = sourcecode.metal; path = Shaders.metal; sourceTree = "<group>"; };
		B647852722A3BC0C005D37AF /* TSBlock.swift */ = {isa = PBXFileReference; lastKnownFileType = sourcecode.swift; path = TSBlock.swift; sourceTree = "<group>"; };
		B647852922A3F114005D37AF /* Ex+TSBlock.swift */ = {isa = PBXFileReference; lastKnownFileType = sourcecode.swift; path = "Ex+TSBlock.swift"; sourceTree = "<group>"; };
		B647852B22A3F3A6005D37AF /* TSVector3.swift */ = {isa = PBXFileReference; lastKnownFileType = sourcecode.swift; path = TSVector3.swift; sourceTree = "<group>"; };
		B647852D22A3F7C6005D37AF /* TSLevel.swift */ = {isa = PBXFileReference; lastKnownFileType = sourcecode.swift; path = TSLevel.swift; sourceTree = "<group>"; };
		B6CD94B822A11B1B00664F30 /* MySceneController.swift */ = {isa = PBXFileReference; lastKnownFileType = sourcecode.swift; path = MySceneController.swift; sourceTree = "<group>"; };
		B6F0F37A22A4D59100384715 /* Ex+TSVector3.swift */ = {isa = PBXFileReference; lastKnownFileType = sourcecode.swift; path = "Ex+TSVector3.swift"; sourceTree = "<group>"; };
/* End PBXFileReference section */

/* Begin PBXFrameworksBuildPhase section */
		B6445F06229D1980002ECD90 /* Frameworks */ = {
			isa = PBXFrameworksBuildPhase;
			buildActionMask = 2147483647;
			files = (
			);
			runOnlyForDeploymentPostprocessing = 0;
		};
/* End PBXFrameworksBuildPhase section */

/* Begin PBXGroup section */
		B63A408022A4B2A60033EF09 /* RMKit */ = {
			isa = PBXGroup;
			children = (
				B63A408122A4B2A60033EF09 /* RMStorage.swift */,
				B63A408222A4B2A60033EF09 /* RMViewAnimator.swift */,
				B63A408322A4B2A60033EF09 /* RMBindCenter.swift */,
				B63A408422A4B2A60033EF09 /* extensions */,
			);
			path = RMKit;
			sourceTree = "<group>";
		};
		B63A408422A4B2A60033EF09 /* extensions */ = {
			isa = PBXGroup;
			children = (
				B63A408522A4B2A60033EF09 /* Ex+UIImage.swift */,
				B63A408622A4B2A60033EF09 /* Ex+Swift.swift */,
				B63A408722A4B2A60033EF09 /* Ex+Foundation.swift */,
				B63A408822A4B2A60033EF09 /* EX+SpriteKit.swift */,
				B63A408922A4B2A60033EF09 /* Ex+UIKit.swift */,
				B63A408A22A4B2A60033EF09 /* Ex+UIColor.swift */,
				B63A408B22A4B2A60033EF09 /* Ex+CoreGraphics.swift */,
			);
			path = extensions;
			sourceTree = "<group>";
		};
		B63A409622A4B2A90033EF09 /* Libs */ = {
			isa = PBXGroup;
			children = (
				B63A408022A4B2A60033EF09 /* RMKit */,
				B6445F26229D1BB7002ECD90 /* ESKit */,
			);
			path = Libs;
			sourceTree = "<group>";
		};
		B6445F00229D1980002ECD90 = {
			isa = PBXGroup;
			children = (
				B6445F0B229D1980002ECD90 /* SandboxSample */,
				B6445F0A229D1980002ECD90 /* Products */,
			);
			sourceTree = "<group>";
		};
		B6445F0A229D1980002ECD90 /* Products */ = {
			isa = PBXGroup;
			children = (
				B6445F09229D1980002ECD90 /* SandboxSample.app */,
			);
			name = Products;
			sourceTree = "<group>";
		};
		B6445F0B229D1980002ECD90 /* SandboxSample */ = {
			isa = PBXGroup;
			children = (
				B6445F0C229D1980002ECD90 /* AppDelegate.swift */,
				B63A409622A4B2A90033EF09 /* Libs */,
				B647852622A3BBEE005D37AF /* TopicaSandBox */,
				B6445F27229D1BCA002ECD90 /* View */,
				B6445F28229D1BD3002ECD90 /* Resources */,
				B6445F18229D1981002ECD90 /* Info.plist */,
			);
			path = SandboxSample;
			sourceTree = "<group>";
		};
		B6445F26229D1BB7002ECD90 /* ESKit */ = {
			isa = PBXGroup;
			children = (
				B6445F1E229D1A24002ECD90 /* Ex+SceneKit.swift */,
				B6445F1F229D1A24002ECD90 /* ESViewController.swift */,
				B6445F20229D1A24002ECD90 /* ESSceneController.swift */,
			);
			path = ESKit;
			sourceTree = "<group>";
		};
		B6445F27229D1BCA002ECD90 /* View */ = {
			isa = PBXGroup;
			children = (
				B6445F0E229D1980002ECD90 /* ViewController.swift */,
				B6CD94B822A11B1B00664F30 /* MySceneController.swift */,
			);
			path = View;
			sourceTree = "<group>";
		};
		B6445F28229D1BD3002ECD90 /* Resources */ = {
			isa = PBXGroup;
			children = (
				B6445F2F229D3CC1002ECD90 /* Shader */,
				B6445F2C229D2053002ECD90 /* Object */,
				B6445F13229D1981002ECD90 /* Assets.xcassets */,
				B6445F10229D1980002ECD90 /* Main.storyboard */,
				B6445F15229D1981002ECD90 /* LaunchScreen.storyboard */,
			);
			path = Resources;
			sourceTree = "<group>";
		};
		B6445F2C229D2053002ECD90 /* Object */ = {
			isa = PBXGroup;
			children = (
				B6426F3822A4ABA900B7B452 /* TP_normal_floar.scn */,
				B6445F24229D1A7E002ECD90 /* TP_japanese_house_1.scn */,
			);
			path = Object;
			sourceTree = "<group>";
		};
		B6445F2F229D3CC1002ECD90 /* Shader */ = {
			isa = PBXGroup;
			children = (
				B6445F30229D3CCD002ECD90 /* Shaders.metal */,
			);
			path = Shader;
			sourceTree = "<group>";
		};
		B647852622A3BBEE005D37AF /* TopicaSandBox */ = {
			isa = PBXGroup;
			children = (
				B647852722A3BC0C005D37AF /* TSBlock.swift */,
				B647852922A3F114005D37AF /* Ex+TSBlock.swift */,
				B647852B22A3F3A6005D37AF /* TSVector3.swift */,
				B6F0F37A22A4D59100384715 /* Ex+TSVector3.swift */,
				B647852D22A3F7C6005D37AF /* TSLevel.swift */,
				B6426F3422A4A64700B7B452 /* TSAnimator.swift */,
			);
			path = TopicaSandBox;
			sourceTree = "<group>";
		};
/* End PBXGroup section */

/* Begin PBXNativeTarget section */
		B6445F08229D1980002ECD90 /* SandboxSample */ = {
			isa = PBXNativeTarget;
			buildConfigurationList = B6445F1B229D1981002ECD90 /* Build configuration list for PBXNativeTarget "SandboxSample" */;
			buildPhases = (
				B6445F05229D1980002ECD90 /* Sources */,
				B6445F06229D1980002ECD90 /* Frameworks */,
				B6445F07229D1980002ECD90 /* Resources */,
			);
			buildRules = (
			);
			dependencies = (
			);
			name = SandboxSample;
			productName = SandboxSample;
			productReference = B6445F09229D1980002ECD90 /* SandboxSample.app */;
			productType = "com.apple.product-type.application";
		};
/* End PBXNativeTarget section */

/* Begin PBXProject section */
		B6445F01229D1980002ECD90 /* Project object */ = {
			isa = PBXProject;
			attributes = {
				LastSwiftUpdateCheck = 1020;
				LastUpgradeCheck = 1020;
				ORGANIZATIONNAME = yuki;
				TargetAttributes = {
					B6445F08229D1980002ECD90 = {
						CreatedOnToolsVersion = 10.2.1;
					};
				};
			};
			buildConfigurationList = B6445F04229D1980002ECD90 /* Build configuration list for PBXProject "SandboxSample" */;
			compatibilityVersion = "Xcode 9.3";
			developmentRegion = en;
			hasScannedForEncodings = 0;
			knownRegions = (
				en,
				Base,
			);
			mainGroup = B6445F00229D1980002ECD90;
			productRefGroup = B6445F0A229D1980002ECD90 /* Products */;
			projectDirPath = "";
			projectRoot = "";
			targets = (
				B6445F08229D1980002ECD90 /* SandboxSample */,
			);
		};
/* End PBXProject section */

/* Begin PBXResourcesBuildPhase section */
		B6445F07229D1980002ECD90 /* Resources */ = {
			isa = PBXResourcesBuildPhase;
			buildActionMask = 2147483647;
			files = (
				B6445F17229D1981002ECD90 /* LaunchScreen.storyboard in Resources */,
				B6426F3922A4ABA900B7B452 /* TP_normal_floar.scn in Resources */,
				B6445F14229D1981002ECD90 /* Assets.xcassets in Resources */,
				B6445F25229D1A7E002ECD90 /* TP_japanese_house_1.scn in Resources */,
				B6445F12229D1980002ECD90 /* Main.storyboard in Resources */,
			);
			runOnlyForDeploymentPostprocessing = 0;
		};
/* End PBXResourcesBuildPhase section */

/* Begin PBXSourcesBuildPhase section */
		B6445F05229D1980002ECD90 /* Sources */ = {
			isa = PBXSourcesBuildPhase;
			buildActionMask = 2147483647;
			files = (
				B6445F31229D3CCD002ECD90 /* Shaders.metal in Sources */,
				B63A409122A4B2A70033EF09 /* Ex+Foundation.swift in Sources */,
				B63A409522A4B2A70033EF09 /* Ex+CoreGraphics.swift in Sources */,
				B6445F22229D1A24002ECD90 /* ESViewController.swift in Sources */,
				B63A408E22A4B2A70033EF09 /* RMBindCenter.swift in Sources */,
				B647852822A3BC0C005D37AF /* TSBlock.swift in Sources */,
				B63A408F22A4B2A70033EF09 /* Ex+UIImage.swift in Sources */,
				B63A408C22A4B2A70033EF09 /* RMStorage.swift in Sources */,
				B647852A22A3F114005D37AF /* Ex+TSBlock.swift in Sources */,
				B6445F0F229D1980002ECD90 /* ViewController.swift in Sources */,
				B63A409022A4B2A70033EF09 /* Ex+Swift.swift in Sources */,
				B6426F3522A4A64700B7B452 /* TSAnimator.swift in Sources */,
				B6445F21229D1A24002ECD90 /* Ex+SceneKit.swift in Sources */,
				B63A408D22A4B2A70033EF09 /* RMViewAnimator.swift in Sources */,
				B647852C22A3F3A6005D37AF /* TSVector3.swift in Sources */,
				B63A409422A4B2A70033EF09 /* Ex+UIColor.swift in Sources */,
				B6445F0D229D1980002ECD90 /* AppDelegate.swift in Sources */,
				B63A409222A4B2A70033EF09 /* EX+SpriteKit.swift in Sources */,
				B6CD94B922A11B1B00664F30 /* MySceneController.swift in Sources */,
				B647852E22A3F7C6005D37AF /* TSLevel.swift in Sources */,
				B6445F23229D1A24002ECD90 /* ESSceneController.swift in Sources */,
				B63A409322A4B2A70033EF09 /* Ex+UIKit.swift in Sources */,
				B6F0F37B22A4D59100384715 /* Ex+TSVector3.swift in Sources */,
			);
			runOnlyForDeploymentPostprocessing = 0;
		};
/* End PBXSourcesBuildPhase section */

/* Begin PBXVariantGroup section */
		B6445F10229D1980002ECD90 /* Main.storyboard */ = {
			isa = PBXVariantGroup;
			children = (
				B6445F11229D1980002ECD90 /* Base */,
			);
			name = Main.storyboard;
			sourceTree = "<group>";
		};
		B6445F15229D1981002ECD90 /* LaunchScreen.storyboard */ = {
			isa = PBXVariantGroup;
			children = (
				B6445F16229D1981002ECD90 /* Base */,
			);
			name = LaunchScreen.storyboard;
			sourceTree = "<group>";
		};
/* End PBXVariantGroup section */

/* Begin XCBuildConfiguration section */
		B6445F19229D1981002ECD90 /* Debug */ = {
			isa = XCBuildConfiguration;
			buildSettings = {
				ALWAYS_SEARCH_USER_PATHS = NO;
				CLANG_ANALYZER_NONNULL = YES;
				CLANG_ANALYZER_NUMBER_OBJECT_CONVERSION = YES_AGGRESSIVE;
				CLANG_CXX_LANGUAGE_STANDARD = "gnu++14";
				CLANG_CXX_LIBRARY = "libc++";
				CLANG_ENABLE_MODULES = YES;
				CLANG_ENABLE_OBJC_ARC = YES;
				CLANG_ENABLE_OBJC_WEAK = YES;
				CLANG_WARN_BLOCK_CAPTURE_AUTORELEASING = YES;
				CLANG_WARN_BOOL_CONVERSION = YES;
				CLANG_WARN_COMMA = YES;
				CLANG_WARN_CONSTANT_CONVERSION = YES;
				CLANG_WARN_DEPRECATED_OBJC_IMPLEMENTATIONS = YES;
				CLANG_WARN_DIRECT_OBJC_ISA_USAGE = YES_ERROR;
				CLANG_WARN_DOCUMENTATION_COMMENTS = YES;
				CLANG_WARN_EMPTY_BODY = YES;
				CLANG_WARN_ENUM_CONVERSION = YES;
				CLANG_WARN_INFINITE_RECURSION = YES;
				CLANG_WARN_INT_CONVERSION = YES;
				CLANG_WARN_NON_LITERAL_NULL_CONVERSION = YES;
				CLANG_WARN_OBJC_IMPLICIT_RETAIN_SELF = YES;
				CLANG_WARN_OBJC_LITERAL_CONVERSION = YES;
				CLANG_WARN_OBJC_ROOT_CLASS = YES_ERROR;
				CLANG_WARN_RANGE_LOOP_ANALYSIS = YES;
				CLANG_WARN_STRICT_PROTOTYPES = YES;
				CLANG_WARN_SUSPICIOUS_MOVE = YES;
				CLANG_WARN_UNGUARDED_AVAILABILITY = YES_AGGRESSIVE;
				CLANG_WARN_UNREACHABLE_CODE = YES;
				CLANG_WARN__DUPLICATE_METHOD_MATCH = YES;
				CODE_SIGN_IDENTITY = "iPhone Developer";
				COPY_PHASE_STRIP = NO;
				DEBUG_INFORMATION_FORMAT = dwarf;
				ENABLE_STRICT_OBJC_MSGSEND = YES;
				ENABLE_TESTABILITY = YES;
				GCC_C_LANGUAGE_STANDARD = gnu11;
				GCC_DYNAMIC_NO_PIC = NO;
				GCC_NO_COMMON_BLOCKS = YES;
				GCC_OPTIMIZATION_LEVEL = 0;
				GCC_PREPROCESSOR_DEFINITIONS = (
					"DEBUG=1",
					"$(inherited)",
				);
				GCC_WARN_64_TO_32_BIT_CONVERSION = YES;
				GCC_WARN_ABOUT_RETURN_TYPE = YES_ERROR;
				GCC_WARN_UNDECLARED_SELECTOR = YES;
				GCC_WARN_UNINITIALIZED_AUTOS = YES_AGGRESSIVE;
				GCC_WARN_UNUSED_FUNCTION = YES;
				GCC_WARN_UNUSED_VARIABLE = YES;
				IPHONEOS_DEPLOYMENT_TARGET = 12.2;
				MTL_ENABLE_DEBUG_INFO = INCLUDE_SOURCE;
				MTL_FAST_MATH = YES;
				ONLY_ACTIVE_ARCH = YES;
				SDKROOT = iphoneos;
				SWIFT_ACTIVE_COMPILATION_CONDITIONS = DEBUG;
				SWIFT_OPTIMIZATION_LEVEL = "-Onone";
			};
			name = Debug;
		};
		B6445F1A229D1981002ECD90 /* Release */ = {
			isa = XCBuildConfiguration;
			buildSettings = {
				ALWAYS_SEARCH_USER_PATHS = NO;
				CLANG_ANALYZER_NONNULL = YES;
				CLANG_ANALYZER_NUMBER_OBJECT_CONVERSION = YES_AGGRESSIVE;
				CLANG_CXX_LANGUAGE_STANDARD = "gnu++14";
				CLANG_CXX_LIBRARY = "libc++";
				CLANG_ENABLE_MODULES = YES;
				CLANG_ENABLE_OBJC_ARC = YES;
				CLANG_ENABLE_OBJC_WEAK = YES;
				CLANG_WARN_BLOCK_CAPTURE_AUTORELEASING = YES;
				CLANG_WARN_BOOL_CONVERSION = YES;
				CLANG_WARN_COMMA = YES;
				CLANG_WARN_CONSTANT_CONVERSION = YES;
				CLANG_WARN_DEPRECATED_OBJC_IMPLEMENTATIONS = YES;
				CLANG_WARN_DIRECT_OBJC_ISA_USAGE = YES_ERROR;
				CLANG_WARN_DOCUMENTATION_COMMENTS = YES;
				CLANG_WARN_EMPTY_BODY = YES;
				CLANG_WARN_ENUM_CONVERSION = YES;
				CLANG_WARN_INFINITE_RECURSION = YES;
				CLANG_WARN_INT_CONVERSION = YES;
				CLANG_WARN_NON_LITERAL_NULL_CONVERSION = YES;
				CLANG_WARN_OBJC_IMPLICIT_RETAIN_SELF = YES;
				CLANG_WARN_OBJC_LITERAL_CONVERSION = YES;
				CLANG_WARN_OBJC_ROOT_CLASS = YES_ERROR;
				CLANG_WARN_RANGE_LOOP_ANALYSIS = YES;
				CLANG_WARN_STRICT_PROTOTYPES = YES;
				CLANG_WARN_SUSPICIOUS_MOVE = YES;
				CLANG_WARN_UNGUARDED_AVAILABILITY = YES_AGGRESSIVE;
				CLANG_WARN_UNREACHABLE_CODE = YES;
				CLANG_WARN__DUPLICATE_METHOD_MATCH = YES;
				CODE_SIGN_IDENTITY = "iPhone Developer";
				COPY_PHASE_STRIP = NO;
				DEBUG_INFORMATION_FORMAT = "dwarf-with-dsym";
				ENABLE_NS_ASSERTIONS = NO;
				ENABLE_STRICT_OBJC_MSGSEND = YES;
				GCC_C_LANGUAGE_STANDARD = gnu11;
				GCC_NO_COMMON_BLOCKS = YES;
				GCC_WARN_64_TO_32_BIT_CONVERSION = YES;
				GCC_WARN_ABOUT_RETURN_TYPE = YES_ERROR;
				GCC_WARN_UNDECLARED_SELECTOR = YES;
				GCC_WARN_UNINITIALIZED_AUTOS = YES_AGGRESSIVE;
				GCC_WARN_UNUSED_FUNCTION = YES;
				GCC_WARN_UNUSED_VARIABLE = YES;
				IPHONEOS_DEPLOYMENT_TARGET = 12.2;
				MTL_ENABLE_DEBUG_INFO = NO;
				MTL_FAST_MATH = YES;
				SDKROOT = iphoneos;
				SWIFT_COMPILATION_MODE = wholemodule;
				SWIFT_OPTIMIZATION_LEVEL = "-O";
				VALIDATE_PRODUCT = YES;
			};
			name = Release;
		};
		B6445F1C229D1981002ECD90 /* Debug */ = {
			isa = XCBuildConfiguration;
			buildSettings = {
				ASSETCATALOG_COMPILER_APPICON_NAME = AppIcon;
				CODE_SIGN_STYLE = Automatic;
				DEVELOPMENT_TEAM = 3L6UJJ3LB2;
				INFOPLIST_FILE = SandboxSample/Info.plist;
				IPHONEOS_DEPLOYMENT_TARGET = 12.1;
				LD_RUNPATH_SEARCH_PATHS = (
					"$(inherited)",
					"@executable_path/Frameworks",
				);
				PRODUCT_BUNDLE_IDENTIFIER = com.topica.SandboxSample;
				PRODUCT_NAME = "$(TARGET_NAME)";
				SWIFT_VERSION = 5.0;
				TARGETED_DEVICE_FAMILY = "1,2";
			};
			name = Debug;
		};
		B6445F1D229D1981002ECD90 /* Release */ = {
			isa = XCBuildConfiguration;
			buildSettings = {
				ASSETCATALOG_COMPILER_APPICON_NAME = AppIcon;
				CODE_SIGN_STYLE = Automatic;
				DEVELOPMENT_TEAM = 3L6UJJ3LB2;
				INFOPLIST_FILE = SandboxSample/Info.plist;
				IPHONEOS_DEPLOYMENT_TARGET = 12.1;
				LD_RUNPATH_SEARCH_PATHS = (
					"$(inherited)",
					"@executable_path/Frameworks",
				);
				PRODUCT_BUNDLE_IDENTIFIER = com.topica.SandboxSample;
				PRODUCT_NAME = "$(TARGET_NAME)";
				SWIFT_VERSION = 5.0;
				TARGETED_DEVICE_FAMILY = "1,2";
			};
			name = Release;
		};
/* End XCBuildConfiguration section */

/* Begin XCConfigurationList section */
		B6445F04229D1980002ECD90 /* Build configuration list for PBXProject "SandboxSample" */ = {
			isa = XCConfigurationList;
			buildConfigurations = (
				B6445F19229D1981002ECD90 /* Debug */,
				B6445F1A229D1981002ECD90 /* Release */,
			);
			defaultConfigurationIsVisible = 0;
			defaultConfigurationName = Release;
		};
		B6445F1B229D1981002ECD90 /* Build configuration list for PBXNativeTarget "SandboxSample" */ = {
			isa = XCConfigurationList;
			buildConfigurations = (
				B6445F1C229D1981002ECD90 /* Debug */,
				B6445F1D229D1981002ECD90 /* Release */,
			);
			defaultConfigurationIsVisible = 0;
			defaultConfigurationName = Release;
		};
/* End XCConfigurationList section */
	};
	rootObject = B6445F01229D1980002ECD90 /* Project object */;
}
